Microsoft Visual Studio Solution File, Format Version 12.00
# Visual Studio Version 16
VisualStudioVersion = 16.0.0.0
MinimumVisualStudioVersion = 16.0.0.0
Project("{9A19103F-16F7-4668-BE54-9A1E7A4F7556}") = "UltimateTicTacToe", "UltimateTicTacToe\UltimateTicTacToe.csproj", "{782DF957-240B-42E5-9A41-636D60DE60F8}"
EndProject
Project("{FAE04EC0-301F-11D3-BF4B-00C04F79EFBC}") = "UltimateTicTacToe.Android", "UltimateTicTacToe.Android\UltimateTicTacToe.Android.csproj", "{C0E0878A-569A-4B63-8141-86A0172A5337}"
EndProject
Project("{FAE04EC0-301F-11D3-BF4B-00C04F79EFBC}") = "UltimateTicTacToe.iOS", "UltimateTicTacToe.iOS\UltimateTicTacToe.iOS.csproj", "{BD7B79BD-92E1-4BF7-B78B-3EB59B27BE66}"
EndProject
Project("{9A19103F-16F7-4668-BE54-9A1E7A4F7556}") = "UltimateTicTacToe.Windows", "UltimateTicTacToe.Windows\UltimateTicTacToe.Windows.csproj", "{57CA9498-FD72-4875-B20E-ADDDF6682885}"
EndProject
Project("{FAE04EC0-301F-11D3-BF4B-00C04F79EFBC}") = "UltimateTicTacToe.macOS", "UltimateTicTacToe.macOS\UltimateTicTacToe.macOS.csproj", "{23F3F09F-2445-4F3A-A70C-4999DCC97191}"
EndProject
Global
	GlobalSection(SolutionConfigurationPlatforms) = preSolution
		Debug|Any CPU = Debug|Any CPU
		Debug|iPhone = Debug|iPhone
		Debug|iPhoneSimulator = Debug|iPhoneSimulator
		Debug|x64 = Debug|x64
		Debug|x86 = Debug|x86
		Release|Any CPU = Release|Any CPU
		Release|iPhone = Release|iPhone
		Release|iPhoneSimulator = Release|iPhoneSimulator
		Release|x64 = Release|x64
		Release|x86 = Release|x86
	EndGlobalSection
	GlobalSection(ProjectConfigurationPlatforms) = postSolution
		{782DF957-240B-42E5-9A41-636D60DE60F8}.Debug|Any CPU.ActiveCfg = Debug|Any CPU
		{782DF957-240B-42E5-9A41-636D60DE60F8}.Debug|Any CPU.Build.0 = Debug|Any CPU
		{782DF957-240B-42E5-9A41-636D60DE60F8}.Debug|iPhone.ActiveCfg = Debug|Any CPU
		{782DF957-240B-42E5-9A41-636D60DE60F8}.Debug|iPhone.Build.0 = Debug|Any CPU
		{782DF957-240B-42E5-9A41-636D60DE60F8}.Debug|iPhoneSimulator.ActiveCfg = Debug|Any CPU
		{782DF957-240B-42E5-9A41-636D60DE60F8}.Debug|iPhoneSimulator.Build.0 = Debug|Any CPU
		{782DF957-240B-42E5-9A41-636D60DE60F8}.Debug|x64.ActiveCfg = Debug|Any CPU
		{782DF957-240B-42E5-9A41-636D60DE60F8}.Debug|x64.Build.0 = Debug|Any CPU
		{782DF957-240B-42E5-9A41-636D60DE60F8}.Debug|x86.ActiveCfg = Debug|Any CPU
		{782DF957-240B-42E5-9A41-636D60DE60F8}.Debug|x86.Build.0 = Debug|Any CPU
		{782DF957-240B-42E5-9A41-636D60DE60F8}.Release|Any CPU.ActiveCfg = Release|Any CPU
		{782DF957-240B-42E5-9A41-636D60DE60F8}.Release|Any CPU.Build.0 = Release|Any CPU
		{782DF957-240B-42E5-9A41-636D60DE60F8}.Release|iPhone.ActiveCfg = Release|Any CPU
		{782DF957-240B-42E5-9A41-636D60DE60F8}.Release|iPhone.Build.0 = Release|Any CPU
		{782DF957-240B-42E5-9A41-636D60DE60F8}.Release|iPhoneSimulator.ActiveCfg = Release|Any CPU
		{782DF957-240B-42E5-9A41-636D60DE60F8}.Release|iPhoneSimulator.Build.0 = Release|Any CPU
		{782DF957-240B-42E5-9A41-636D60DE60F8}.Release|x64.ActiveCfg = Release|Any CPU
		{782DF957-240B-42E5-9A41-636D60DE60F8}.Release|x64.Build.0 = Release|Any CPU
		{782DF957-240B-42E5-9A41-636D60DE60F8}.Release|x86.ActiveCfg = Release|Any CPU
		{782DF957-240B-42E5-9A41-636D60DE60F8}.Release|x86.Build.0 = Release|Any CPU
		{C0E0878A-569A-4B63-8141-86A0172A5337}.Debug|Any CPU.ActiveCfg = Debug|Any CPU
		{C0E0878A-569A-4B63-8141-86A0172A5337}.Debug|Any CPU.Build.0 = Debug|Any CPU
		{C0E0878A-569A-4B63-8141-86A0172A5337}.Debug|Any CPU.Deploy.0 = Debug|Any CPU
		{C0E0878A-569A-4B63-8141-86A0172A5337}.Debug|iPhone.ActiveCfg = Debug|Any CPU
		{C0E0878A-569A-4B63-8141-86A0172A5337}.Debug|iPhone.Build.0 = Debug|Any CPU
		{C0E0878A-569A-4B63-8141-86A0172A5337}.Debug|iPhone.Deploy.0 = Debug|Any CPU
		{C0E0878A-569A-4B63-8141-86A0172A5337}.Debug|iPhoneSimulator.ActiveCfg = Debug|Any CPU
		{C0E0878A-569A-4B63-8141-86A0172A5337}.Debug|iPhoneSimulator.Build.0 = Debug|Any CPU
		{C0E0878A-569A-4B63-8141-86A0172A5337}.Debug|iPhoneSimulator.Deploy.0 = Debug|Any CPU
		{C0E0878A-569A-4B63-8141-86A0172A5337}.Debug|x64.ActiveCfg = Debug|Any CPU
		{C0E0878A-569A-4B63-8141-86A0172A5337}.Debug|x64.Build.0 = Debug|Any CPU
		{C0E0878A-569A-4B63-8141-86A0172A5337}.Debug|x64.Deploy.0 = Debug|Any CPU
		{C0E0878A-569A-4B63-8141-86A0172A5337}.Debug|x86.ActiveCfg = Debug|Any CPU
		{C0E0878A-569A-4B63-8141-86A0172A5337}.Debug|x86.Build.0 = Debug|Any CPU
		{C0E0878A-569A-4B63-8141-86A0172A5337}.Debug|x86.Deploy.0 = Debug|Any CPU
		{C0E0878A-569A-4B63-8141-86A0172A5337}.Release|Any CPU.ActiveCfg = Release|Any CPU
		{C0E0878A-569A-4B63-8141-86A0172A5337}.Release|Any CPU.Build.0 = Release|Any CPU
		{C0E0878A-569A-4B63-8141-86A0172A5337}.Release|Any CPU.Deploy.0 = Release|Any CPU
		{C0E0878A-569A-4B63-8141-86A0172A5337}.Release|iPhone.ActiveCfg = Release|Any CPU
		{C0E0878A-569A-4B63-8141-86A0172A5337}.Release|iPhone.Build.0 = Release|Any CPU
		{C0E0878A-569A-4B63-8141-86A0172A5337}.Release|iPhone.Deploy.0 = Release|Any CPU
		{C0E0878A-569A-4B63-8141-86A0172A5337}.Release|iPhoneSimulator.ActiveCfg = Release|Any CPU
		{C0E0878A-569A-4B63-8141-86A0172A5337}.Release|iPhoneSimulator.Build.0 = Release|Any CPU
		{C0E0878A-569A-4B63-8141-86A0172A5337}.Release|iPhoneSimulator.Deploy.0 = Release|Any CPU
		{C0E0878A-569A-4B63-8141-86A0172A5337}.Release|x64.ActiveCfg = Release|Any CPU
		{C0E0878A-569A-4B63-8141-86A0172A5337}.Release|x64.Build.0 = Release|Any CPU
		{C0E0878A-569A-4B63-8141-86A0172A5337}.Release|x64.Deploy.0 = Release|Any CPU
		{C0E0878A-569A-4B63-8141-86A0172A5337}.Release|x86.ActiveCfg = Release|Any CPU
		{C0E0878A-569A-4B63-8141-86A0172A5337}.Release|x86.Build.0 = Release|Any CPU
		{C0E0878A-569A-4B63-8141-86A0172A5337}.Release|x86.Deploy.0 = Release|Any CPU
		{BD7B79BD-92E1-4BF7-B78B-3EB59B27BE66}.Debug|Any CPU.ActiveCfg = Debug|iPhone
		{BD7B79BD-92E1-4BF7-B78B-3EB59B27BE66}.Debug|iPhone.ActiveCfg = Debug|iPhone
		{BD7B79BD-92E1-4BF7-B78B-3EB59B27BE66}.Debug|iPhone.Build.0 = Debug|iPhone
		{BD7B79BD-92E1-4BF7-B78B-3EB59B27BE66}.Debug|iPhoneSimulator.ActiveCfg = Debug|iPhoneSimulator
		{BD7B79BD-92E1-4BF7-B78B-3EB59B27BE66}.Debug|iPhoneSimulator.Build.0 = Debug|iPhoneSimulator
		{BD7B79BD-92E1-4BF7-B78B-3EB59B27BE66}.Debug|x64.ActiveCfg = Debug|iPhone
		{BD7B79BD-92E1-4BF7-B78B-3EB59B27BE66}.Debug|x86.ActiveCfg = Debug|iPhone
		{BD7B79BD-92E1-4BF7-B78B-3EB59B27BE66}.Release|Any CPU.ActiveCfg = Release|iPhone
		{BD7B79BD-92E1-4BF7-B78B-3EB59B27BE66}.Release|iPhone.ActiveCfg = Release|iPhone
		{BD7B79BD-92E1-4BF7-B78B-3EB59B27BE66}.Release|iPhone.Build.0 = Release|iPhone
		{BD7B79BD-92E1-4BF7-B78B-3EB59B27BE66}.Release|iPhoneSimulator.ActiveCfg = Release|iPhoneSimulator
		{BD7B79BD-92E1-4BF7-B78B-3EB59B27BE66}.Release|iPhoneSimulator.Build.0 = Release|iPhoneSimulator
		{BD7B79BD-92E1-4BF7-B78B-3EB59B27BE66}.Release|x64.ActiveCfg = Release|iPhone
		{BD7B79BD-92E1-4BF7-B78B-3EB59B27BE66}.Release|x86.ActiveCfg = Release|iPhone
		{57CA9498-FD72-4875-B20E-ADDDF6682885}.Debug|Any CPU.ActiveCfg = Debug|Any CPU
		{57CA9498-FD72-4875-B20E-ADDDF6682885}.Debug|Any CPU.Build.0 = Debug|Any CPU
		{57CA9498-FD72-4875-B20E-ADDDF6682885}.Debug|iPhone.ActiveCfg = Debug|Any CPU
		{57CA9498-FD72-4875-B20E-ADDDF6682885}.Debug|iPhone.Build.0 = Debug|Any CPU
		{57CA9498-FD72-4875-B20E-ADDDF6682885}.Debug|iPhoneSimulator.ActiveCfg = Debug|Any CPU
		{57CA9498-FD72-4875-B20E-ADDDF6682885}.Debug|iPhoneSimulator.Build.0 = Debug|Any CPU
		{57CA9498-FD72-4875-B20E-ADDDF6682885}.Debug|x64.ActiveCfg = Debug|Any CPU
		{57CA9498-FD72-4875-B20E-ADDDF6682885}.Debug|x64.Build.0 = Debug|Any CPU
		{57CA9498-FD72-4875-B20E-ADDDF6682885}.Debug|x86.ActiveCfg = Debug|Any CPU
		{57CA9498-FD72-4875-B20E-ADDDF6682885}.Debug|x86.Build.0 = Debug|Any CPU
		{57CA9498-FD72-4875-B20E-ADDDF6682885}.Release|Any CPU.ActiveCfg = Release|Any CPU
		{57CA9498-FD72-4875-B20E-ADDDF6682885}.Release|Any CPU.Build.0 = Release|Any CPU
		{57CA9498-FD72-4875-B20E-ADDDF6682885}.Release|iPhone.ActiveCfg = Release|Any CPU
		{57CA9498-FD72-4875-B20E-ADDDF6682885}.Release|iPhone.Build.0 = Release|Any CPU
		{57CA9498-FD72-4875-B20E-ADDDF6682885}.Release|iPhoneSimulator.ActiveCfg = Release|Any CPU
		{57CA9498-FD72-4875-B20E-ADDDF6682885}.Release|iPhoneSimulator.Build.0 = Release|Any CPU
		{57CA9498-FD72-4875-B20E-ADDDF6682885}.Release|x64.ActiveCfg = Release|Any CPU
		{57CA9498-FD72-4875-B20E-ADDDF6682885}.Release|x64.Build.0 = Release|Any CPU
		{57CA9498-FD72-4875-B20E-ADDDF6682885}.Release|x86.ActiveCfg = Release|Any CPU
		{57CA9498-FD72-4875-B20E-ADDDF6682885}.Release|x86.Build.0 = Release|Any CPU
		{23F3F09F-2445-4F3A-A70C-4999DCC97191}.Debug|Any CPU.ActiveCfg = Debug|Any CPU
		{23F3F09F-2445-4F3A-A70C-4999DCC97191}.Debug|Any CPU.Build.0 = Debug|Any CPU
		{23F3F09F-2445-4F3A-A70C-4999DCC97191}.Debug|iPhone.ActiveCfg = Debug|Any CPU
		{23F3F09F-2445-4F3A-A70C-4999DCC97191}.Debug|iPhone.Build.0 = Debug|Any CPU
		{23F3F09F-2445-4F3A-A70C-4999DCC97191}.Debug|iPhoneSimulator.ActiveCfg = Debug|Any CPU
		{23F3F09F-2445-4F3A-A70C-4999DCC97191}.Debug|iPhoneSimulator.Build.0 = Debug|Any CPU
		{23F3F09F-2445-4F3A-A70C-4999DCC97191}.Debug|x64.ActiveCfg = Debug|Any CPU
		{23F3F09F-2445-4F3A-A70C-4999DCC97191}.Debug|x64.Build.0 = Debug|Any CPU
		{23F3F09F-2445-4F3A-A70C-4999DCC97191}.Debug|x86.ActiveCfg = Debug|Any CPU
		{23F3F09F-2445-4F3A-A70C-4999DCC97191}.Debug|x86.Build.0 = Debug|Any CPU
		{23F3F09F-2445-4F3A-A70C-4999DCC97191}.Release|Any CPU.ActiveCfg = Release|Any CPU
		{23F3F09F-2445-4F3A-A70C-4999DCC97191}.Release|Any CPU.Build.0 = Release|Any CPU
		{23F3F09F-2445-4F3A-A70C-4999DCC97191}.Release|iPhone.ActiveCfg = Release|Any CPU
		{23F3F09F-2445-4F3A-A70C-4999DCC97191}.Release|iPhone.Build.0 = Release|Any CPU
		{23F3F09F-2445-4F3A-A70C-4999DCC97191}.Release|iPhoneSimulator.ActiveCfg = Release|Any CPU
		{23F3F09F-2445-4F3A-A70C-4999DCC97191}.Release|iPhoneSimulator.Build.0 = Release|Any CPU
		{23F3F09F-2445-4F3A-A70C-4999DCC97191}.Release|x64.ActiveCfg = Release|Any CPU
		{23F3F09F-2445-4F3A-A70C-4999DCC97191}.Release|x64.Build.0 = Release|Any CPU
		{23F3F09F-2445-4F3A-A70C-4999DCC97191}.Release|x86.ActiveCfg = Release|Any CPU
		{23F3F09F-2445-4F3A-A70C-4999DCC97191}.Release|x86.Build.0 = Release|Any CPU
	EndGlobalSection
	GlobalSection(SolutionProperties) = preSolution
		HideSolutionNode = FALSE
	EndGlobalSection
	GlobalSection(ExtensibilityGlobals) = postSolution
		SolutionGuid = {209EB469-6C51-41B8-929C-DE95D8F7B789}
	EndGlobalSection
EndGlobal
